// !$*UTF8*$!
{
	archiveVersion = 1;
	classes = {
	};
	objectVersion = 56;
	objects = {

/* Begin PBXBuildFile section */
		B1A1E9E6298EAFC500188921 /* main.mm in Sources */ = {isa = PBXBuildFile; fileRef = B1A1E9E5298EAFC500188921 /* main.mm */; };
		B1A1E9EF298ED14D00188921 /* CoreGraphics.framework in Frameworks */ = {isa = PBXBuildFile; fileRef = B1A1E9ED298ED14D00188921 /* CoreGraphics.framework */; };
		B1A1E9F0298ED14D00188921 /* CoreFoundation.framework in Frameworks */ = {isa = PBXBuildFile; fileRef = B1A1E9EE298ED14D00188921 /* CoreFoundation.framework */; };
		B1A1E9F2298ED15C00188921 /* ImageIO.framework in Frameworks */ = {isa = PBXBuildFile; fileRef = B1A1E9F1298ED15C00188921 /* ImageIO.framework */; };
		B1A1E9F4298ED86800188921 /* Metal.framework in Frameworks */ = {isa = PBXBuildFile; fileRef = B1A1E9F3298ED86800188921 /* Metal.framework */; };
		B1A1E9F6298EE5DC00188921 /* Shaders.metal in Sources */ = {isa = PBXBuildFile; fileRef = B1A1E9F5298EE5DC00188921 /* Shaders.metal */; };
		B1A1E9FA298F1B1600188921 /* Scene.mm in Sources */ = {isa = PBXBuildFile; fileRef = B1A1E9F7298F1B1600188921 /* Scene.mm */; };
		B1A1E9FB298F1B1600188921 /* Transforms.mm in Sources */ = {isa = PBXBuildFile; fileRef = B1A1E9F8298F1B1600188921 /* Transforms.mm */; };
		B1A1E9FC298F1B1600188921 /* Renderer.mm in Sources */ = {isa = PBXBuildFile; fileRef = B1A1E9F9298F1B1600188921 /* Renderer.mm */; };
		B1A1E9FE298F1B5400188921 /* MetalPerformanceShaders.framework in Frameworks */ = {isa = PBXBuildFile; fileRef = B1A1E9FD298F1B5400188921 /* MetalPerformanceShaders.framework */; };
/* End PBXBuildFile section */

/* Begin PBXCopyFilesBuildPhase section */
		B1A1E9E0298EAFC500188921 /* CopyFiles */ = {
			isa = PBXCopyFilesBuildPhase;
			buildActionMask = 2147483647;
			dstPath = /usr/share/man/man1/;
			dstSubfolderSpec = 0;
			files = (
			);
			runOnlyForDeploymentPostprocessing = 1;
		};
/* End PBXCopyFilesBuildPhase section */

/* Begin PBXFileReference section */
		B1A1E9E2298EAFC500188921 /* fm2-objc */ = {isa = PBXFileReference; explicitFileType = "compiled.mach-o.executable"; includeInIndex = 0; path = "fm2-objc"; sourceTree = BUILT_PRODUCTS_DIR; };
		B1A1E9E5298EAFC500188921 /* main.mm */ = {isa = PBXFileReference; lastKnownFileType = sourcecode.cpp.objcpp; path = main.mm; sourceTree = "<group>"; };
		B1A1E9ED298ED14D00188921 /* CoreGraphics.framework */ = {isa = PBXFileReference; lastKnownFileType = wrapper.framework; name = CoreGraphics.framework; path = System/Library/Frameworks/CoreGraphics.framework; sourceTree = SDKROOT; };
		B1A1E9EE298ED14D00188921 /* CoreFoundation.framework */ = {isa = PBXFileReference; lastKnownFileType = wrapper.framework; name = CoreFoundation.framework; path = System/Library/Frameworks/CoreFoundation.framework; sourceTree = SDKROOT; };
		B1A1E9F1298ED15C00188921 /* ImageIO.framework */ = {isa = PBXFileReference; lastKnownFileType = wrapper.framework; name = ImageIO.framework; path = System/Library/Frameworks/ImageIO.framework; sourceTree = SDKROOT; };
		B1A1E9F3298ED86800188921 /* Metal.framework */ = {isa = PBXFileReference; lastKnownFileType = wrapper.framework; name = Metal.framework; path = System/Library/Frameworks/Metal.framework; sourceTree = SDKROOT; };
		B1A1E9F5298EE5DC00188921 /* Shaders.metal */ = {isa = PBXFileReference; lastKnownFileType = sourcecode.metal; path = Shaders.metal; sourceTree = "<group>"; };
		B1A1E9F7298F1B1600188921 /* Scene.mm */ = {isa = PBXFileReference; lastKnownFileType = sourcecode.cpp.objcpp; name = Scene.mm; path = "fm2-objc/Scene.mm"; sourceTree = "<group>"; };
		B1A1E9F8298F1B1600188921 /* Transforms.mm */ = {isa = PBXFileReference; lastKnownFileType = sourcecode.cpp.objcpp; name = Transforms.mm; path = "fm2-objc/Transforms.mm"; sourceTree = "<group>"; };
		B1A1E9F9298F1B1600188921 /* Renderer.mm */ = {isa = PBXFileReference; lastKnownFileType = sourcecode.cpp.objcpp; name = Renderer.mm; path = "fm2-objc/Renderer.mm"; sourceTree = "<group>"; };
		B1A1E9FD298F1B5400188921 /* MetalPerformanceShaders.framework */ = {isa = PBXFileReference; lastKnownFileType = wrapper.framework; name = MetalPerformanceShaders.framework; path = System/Library/Frameworks/MetalPerformanceShaders.framework; sourceTree = SDKROOT; };
/* End PBXFileReference section */

/* Begin PBXFrameworksBuildPhase section */
		B1A1E9DF298EAFC500188921 /* Frameworks */ = {
			isa = PBXFrameworksBuildPhase;
			buildActionMask = 2147483647;
			files = (
				B1A1E9FE298F1B5400188921 /* MetalPerformanceShaders.framework in Frameworks */,
				B1A1E9F0298ED14D00188921 /* CoreFoundation.framework in Frameworks */,
				B1A1E9EF298ED14D00188921 /* CoreGraphics.framework in Frameworks */,
				B1A1E9F4298ED86800188921 /* Metal.framework in Frameworks */,
				B1A1E9F2298ED15C00188921 /* ImageIO.framework in Frameworks */,
			);
			runOnlyForDeploymentPostprocessing = 0;
		};
/* End PBXFrameworksBuildPhase section */

/* Begin PBXGroup section */
		B1A1E9D9298EAFC500188921 = {
			isa = PBXGroup;
			children = (
				B1A1E9F9298F1B1600188921 /* Renderer.mm */,
				B1A1E9F7298F1B1600188921 /* Scene.mm */,
				B1A1E9F8298F1B1600188921 /* Transforms.mm */,
				B1A1E9E4298EAFC500188921 /* fm2-objc */,
				B1A1E9E3298EAFC500188921 /* Products */,
				B1A1E9EC298ED14D00188921 /* Frameworks */,
			);
			sourceTree = "<group>";
		};
		B1A1E9E3298EAFC500188921 /* Products */ = {
			isa = PBXGroup;
			children = (
				B1A1E9E2298EAFC500188921 /* fm2-objc */,
			);
			name = Products;
			sourceTree = "<group>";
		};
		B1A1E9E4298EAFC500188921 /* fm2-objc */ = {
			isa = PBXGroup;
			children = (
				B1A1E9F5298EE5DC00188921 /* Shaders.metal */,
				B1A1E9E5298EAFC500188921 /* main.mm */,
			);
			path = "fm2-objc";
			sourceTree = "<group>";
		};
		B1A1E9EC298ED14D00188921 /* Frameworks */ = {
			isa = PBXGroup;
			children = (
				B1A1E9FD298F1B5400188921 /* MetalPerformanceShaders.framework */,
				B1A1E9F3298ED86800188921 /* Metal.framework */,
				B1A1E9F1298ED15C00188921 /* ImageIO.framework */,
				B1A1E9EE298ED14D00188921 /* CoreFoundation.framework */,
				B1A1E9ED298ED14D00188921 /* CoreGraphics.framework */,
			);
			name = Frameworks;
			sourceTree = "<group>";
		};
/* End PBXGroup section */

/* Begin PBXNativeTarget section */
		B1A1E9E1298EAFC500188921 /* fm2-objc */ = {
			isa = PBXNativeTarget;
			buildConfigurationList = B1A1E9E9298EAFC500188921 /* Build configuration list for PBXNativeTarget "fm2-objc" */;
			buildPhases = (
				B1A1E9DE298EAFC500188921 /* Sources */,
				B1A1E9DF298EAFC500188921 /* Frameworks */,
				B1A1E9E0298EAFC500188921 /* CopyFiles */,
			);
			buildRules = (
			);
			dependencies = (
			);
			name = "fm2-objc";
			productName = "fm2-objc";
			productReference = B1A1E9E2298EAFC500188921 /* fm2-objc */;
			productType = "com.apple.product-type.tool";
		};
/* End PBXNativeTarget section */

/* Begin PBXProject section */
		B1A1E9DA298EAFC500188921 /* Project object */ = {
			isa = PBXProject;
			attributes = {
				BuildIndependentTargetsInParallel = 1;
				LastUpgradeCheck = 1420;
				TargetAttributes = {
					B1A1E9E1298EAFC500188921 = {
						CreatedOnToolsVersion = 14.2;
					};
				};
			};
			buildConfigurationList = B1A1E9DD298EAFC500188921 /* Build configuration list for PBXProject "fm2-objc" */;
			compatibilityVersion = "Xcode 14.0";
			developmentRegion = en;
			hasScannedForEncodings = 0;
			knownRegions = (
				en,
				Base,
			);
			mainGroup = B1A1E9D9298EAFC500188921;
			productRefGroup = B1A1E9E3298EAFC500188921 /* Products */;
			projectDirPath = "";
			projectRoot = "";
			targets = (
				B1A1E9E1298EAFC500188921 /* fm2-objc */,
			);
		};
/* End PBXProject section */

/* Begin PBXSourcesBuildPhase section */
		B1A1E9DE298EAFC500188921 /* Sources */ = {
			isa = PBXSourcesBuildPhase;
			buildActionMask = 2147483647;
			files = (
				B1A1E9FA298F1B1600188921 /* Scene.mm in Sources */,
				B1A1E9FB298F1B1600188921 /* Transforms.mm in Sources */,
				B1A1E9FC298F1B1600188921 /* Renderer.mm in Sources */,
				B1A1E9F6298EE5DC00188921 /* Shaders.metal in Sources */,
				B1A1E9E6298EAFC500188921 /* main.mm in Sources */,
			);
			runOnlyForDeploymentPostprocessing = 0;
		};
/* End PBXSourcesBuildPhase section */

/* Begin XCBuildConfiguration section */
		B1A1E9E7298EAFC500188921 /* Debug */ = {
			isa = XCBuildConfiguration;
			buildSettings = {
				ALWAYS_SEARCH_USER_PATHS = NO;
				CLANG_ANALYZER_NONNULL = YES;
				CLANG_ANALYZER_NUMBER_OBJECT_CONVERSION = YES_AGGRESSIVE;
				CLANG_CXX_LANGUAGE_STANDARD = "gnu++20";
				CLANG_ENABLE_MODULES = YES;
				CLANG_ENABLE_OBJC_ARC = YES;
				CLANG_ENABLE_OBJC_WEAK = YES;
				CLANG_WARN_BLOCK_CAPTURE_AUTORELEASING = YES;
				CLANG_WARN_BOOL_CONVERSION = YES;
				CLANG_WARN_COMMA = YES;
				CLANG_WARN_CONSTANT_CONVERSION = YES;
				CLANG_WARN_DEPRECATED_OBJC_IMPLEMENTATIONS = YES;
				CLANG_WARN_DIRECT_OBJC_ISA_USAGE = YES_ERROR;
				CLANG_WARN_DOCUMENTATION_COMMENTS = YES;
				CLANG_WARN_EMPTY_BODY = YES;
				CLANG_WARN_ENUM_CONVERSION = YES;
				CLANG_WARN_INFINITE_RECURSION = YES;
				CLANG_WARN_INT_CONVERSION = YES;
				CLANG_WARN_NON_LITERAL_NULL_CONVERSION = YES;
				CLANG_WARN_OBJC_IMPLICIT_RETAIN_SELF = YES;
				CLANG_WARN_OBJC_LITERAL_CONVERSION = YES;
				CLANG_WARN_OBJC_ROOT_CLASS = YES_ERROR;
				CLANG_WARN_QUOTED_INCLUDE_IN_FRAMEWORK_HEADER = YES;
				CLANG_WARN_RANGE_LOOP_ANALYSIS = YES;
				CLANG_WARN_STRICT_PROTOTYPES = YES;
				CLANG_WARN_SUSPICIOUS_MOVE = YES;
				CLANG_WARN_UNGUARDED_AVAILABILITY = YES_AGGRESSIVE;
				CLANG_WARN_UNREACHABLE_CODE = YES;
				CLANG_WARN__DUPLICATE_METHOD_MATCH = YES;
				COPY_PHASE_STRIP = NO;
				DEBUG_INFORMATION_FORMAT = dwarf;
				ENABLE_STRICT_OBJC_MSGSEND = YES;
				ENABLE_TESTABILITY = YES;
				GCC_C_LANGUAGE_STANDARD = gnu11;
				GCC_DYNAMIC_NO_PIC = NO;
				GCC_NO_COMMON_BLOCKS = YES;
				GCC_OPTIMIZATION_LEVEL = 0;
				GCC_PREPROCESSOR_DEFINITIONS = (
					"DEBUG=1",
					"$(inherited)",
				);
				GCC_WARN_64_TO_32_BIT_CONVERSION = YES;
				GCC_WARN_ABOUT_RETURN_TYPE = YES_ERROR;
				GCC_WARN_UNDECLARED_SELECTOR = YES;
				GCC_WARN_UNINITIALIZED_AUTOS = YES_AGGRESSIVE;
				GCC_WARN_UNUSED_FUNCTION = YES;
				GCC_WARN_UNUSED_VARIABLE = YES;
				MACOSX_DEPLOYMENT_TARGET = 13.1;
				MTL_ENABLE_DEBUG_INFO = INCLUDE_SOURCE;
				MTL_FAST_MATH = YES;
				ONLY_ACTIVE_ARCH = YES;
				SDKROOT = macosx;
			};
			name = Debug;
		};
		B1A1E9E8298EAFC500188921 /* Release */ = {
			isa = XCBuildConfiguration;
			buildSettings = {
				ALWAYS_SEARCH_USER_PATHS = NO;
				CLANG_ANALYZER_NONNULL = YES;
				CLANG_ANALYZER_NUMBER_OBJECT_CONVERSION = YES_AGGRESSIVE;
				CLANG_CXX_LANGUAGE_STANDARD = "gnu++20";
				CLANG_ENABLE_MODULES = YES;
				CLANG_ENABLE_OBJC_ARC = YES;
				CLANG_ENABLE_OBJC_WEAK = YES;
				CLANG_WARN_BLOCK_CAPTURE_AUTORELEASING = YES;
				CLANG_WARN_BOOL_CONVERSION = YES;
				CLANG_WARN_COMMA = YES;
				CLANG_WARN_CONSTANT_CONVERSION = YES;
				CLANG_WARN_DEPRECATED_OBJC_IMPLEMENTATIONS = YES;
				CLANG_WARN_DIRECT_OBJC_ISA_USAGE = YES_ERROR;
				CLANG_WARN_DOCUMENTATION_COMMENTS = YES;
				CLANG_WARN_EMPTY_BODY = YES;
				CLANG_WARN_ENUM_CONVERSION = YES;
				CLANG_WARN_INFINITE_RECURSION = YES;
				CLANG_WARN_INT_CONVERSION = YES;
				CLANG_WARN_NON_LITERAL_NULL_CONVERSION = YES;
				CLANG_WARN_OBJC_IMPLICIT_RETAIN_SELF = YES;
				CLANG_WARN_OBJC_LITERAL_CONVERSION = YES;
				CLANG_WARN_OBJC_ROOT_CLASS = YES_ERROR;
				CLANG_WARN_QUOTED_INCLUDE_IN_FRAMEWORK_HEADER = YES;
				CLANG_WARN_RANGE_LOOP_ANALYSIS = YES;
				CLANG_WARN_STRICT_PROTOTYPES = YES;
				CLANG_WARN_SUSPICIOUS_MOVE = YES;
				CLANG_WARN_UNGUARDED_AVAILABILITY = YES_AGGRESSIVE;
				CLANG_WARN_UNREACHABLE_CODE = YES;
				CLANG_WARN__DUPLICATE_METHOD_MATCH = YES;
				COPY_PHASE_STRIP = NO;
				DEBUG_INFORMATION_FORMAT = "dwarf-with-dsym";
				ENABLE_NS_ASSERTIONS = NO;
				ENABLE_STRICT_OBJC_MSGSEND = YES;
				GCC_C_LANGUAGE_STANDARD = gnu11;
				GCC_NO_COMMON_BLOCKS = YES;
				GCC_WARN_64_TO_32_BIT_CONVERSION = YES;
				GCC_WARN_ABOUT_RETURN_TYPE = YES_ERROR;
				GCC_WARN_UNDECLARED_SELECTOR = YES;
				GCC_WARN_UNINITIALIZED_AUTOS = YES_AGGRESSIVE;
				GCC_WARN_UNUSED_FUNCTION = YES;
				GCC_WARN_UNUSED_VARIABLE = YES;
				MACOSX_DEPLOYMENT_TARGET = 13.1;
				MTL_ENABLE_DEBUG_INFO = NO;
				MTL_FAST_MATH = YES;
				SDKROOT = macosx;
			};
			name = Release;
		};
		B1A1E9EA298EAFC500188921 /* Debug */ = {
			isa = XCBuildConfiguration;
			buildSettings = {
				CODE_SIGN_STYLE = Automatic;
				PRODUCT_NAME = "$(TARGET_NAME)";
			};
			name = Debug;
		};
		B1A1E9EB298EAFC500188921 /* Release */ = {
			isa = XCBuildConfiguration;
			buildSettings = {
				CODE_SIGN_STYLE = Automatic;
				PRODUCT_NAME = "$(TARGET_NAME)";
			};
			name = Release;
		};
/* End XCBuildConfiguration section */

/* Begin XCConfigurationList section */
		B1A1E9DD298EAFC500188921 /* Build configuration list for PBXProject "fm2-objc" */ = {
			isa = XCConfigurationList;
			buildConfigurations = (
				B1A1E9E7298EAFC500188921 /* Debug */,
				B1A1E9E8298EAFC500188921 /* Release */,
			);
			defaultConfigurationIsVisible = 0;
			defaultConfigurationName = Release;
		};
		B1A1E9E9298EAFC500188921 /* Build configuration list for PBXNativeTarget "fm2-objc" */ = {
			isa = XCConfigurationList;
			buildConfigurations = (
				B1A1E9EA298EAFC500188921 /* Debug */,
				B1A1E9EB298EAFC500188921 /* Release */,
			);
			defaultConfigurationIsVisible = 0;
			defaultConfigurationName = Release;
		};
/* End XCConfigurationList section */
	};
	rootObject = B1A1E9DA298EAFC500188921 /* Project object */;
}
